
Microsoft Visual Studio Solution File, Format Version 12.00
# Visual Studio 15
VisualStudioVersion = 15.0.28307.960
MinimumVisualStudioVersion = 10.0.40219.1
Project("{9A19103F-16F7-4668-BE54-9A1E7A4F7556}") = "Dfe.Spi.RatesAdapter.FunctionApp", "Dfe.Spi.RatesAdapter.FunctionApp\Dfe.Spi.RatesAdapter.FunctionApp.csproj", "{31CF6AF0-7823-4E15-8974-65DBDCC8D14B}"
EndProject
Project("{9A19103F-16F7-4668-BE54-9A1E7A4F7556}") = "Dfe.Spi.RatesAdapter.Application", "Dfe.Spi.RatesAdapter.Application\Dfe.Spi.RatesAdapter.Application.csproj", "{D902EEC9-22C7-4BD8-9077-25C07FB14CE4}"
EndProject
Project("{9A19103F-16F7-4668-BE54-9A1E7A4F7556}") = "Dfe.Spi.RatesAdapter.Domain", "Dfe.Spi.RatesAdapter.Domain\Dfe.Spi.RatesAdapter.Domain.csproj", "{B148E206-3243-4782-93D0-314E07A6E294}"
EndProject
Project("{9A19103F-16F7-4668-BE54-9A1E7A4F7556}") = "Dfe.Spi.RatesAdapter.Infrastructure.AzureStorage", "Dfe.Spi.RatesAdapter.Infrastructure.AzureStorage\Dfe.Spi.RatesAdapter.Infrastructure.AzureStorage.csproj", "{E6D9ACD4-1130-401F-BD72-E1E281BC94A5}"
EndProject
Project("{9A19103F-16F7-4668-BE54-9A1E7A4F7556}") = "Dfe.Spi.RatesAdapter.StoragePopulator.ConsoleApp", "Dfe.Spi.RatesAdapter.StoragePopulator.Console\Dfe.Spi.RatesAdapter.StoragePopulator.ConsoleApp.csproj", "{A6532305-A63F-4716-B5A8-FD5148762670}"
EndProject
Project("{2150E333-8FDC-42A3-9474-1A3956D46DE8}") = "Dfe.Spi.RatesAdapter.StoragePopulator", "Dfe.Spi.RatesAdapter.StoragePopulator", "{CBFE5132-B457-4F56-BAEB-9FD8B3AFFC86}"
EndProject
Project("{9A19103F-16F7-4668-BE54-9A1E7A4F7556}") = "Dfe.Spi.RatesAdapter.StoragePopulator.Application", "Dfe.Spi.RatesAdapter.StoragePopulator.Application\Dfe.Spi.RatesAdapter.StoragePopulator.Application.csproj", "{72A0078A-6E93-4994-B88A-B51BE136A07F}"
EndProject
Project("{FAE04EC0-301F-11D3-BF4B-00C04F79EFBC}") = "Dfe.Spi.RatesAdapter.StoragePopulator.Domain", "Dfe.Spi.RatesAdapter.StoragePopulator.Domain\Dfe.Spi.RatesAdapter.StoragePopulator.Domain.csproj", "{4A4325C1-3A8E-47AF-8208-EE87D364E609}"
EndProject
Project("{FAE04EC0-301F-11D3-BF4B-00C04F79EFBC}") = "Dfe.Spi.RatesAdapter.StoragePopulator.Infrastructure.Excel", "Dfe.Spi.RatesAdapter.StoragePopulator.Infrastructure.Excel\Dfe.Spi.RatesAdapter.StoragePopulator.Infrastructure.Excel.csproj", "{297504EB-EBBD-412F-8E4F-74E5BEF34B5B}"
EndProject
Global
	GlobalSection(SolutionConfigurationPlatforms) = preSolution
		Debug|Any CPU = Debug|Any CPU
		Release|Any CPU = Release|Any CPU
	EndGlobalSection
	GlobalSection(ProjectConfigurationPlatforms) = postSolution
		{31CF6AF0-7823-4E15-8974-65DBDCC8D14B}.Debug|Any CPU.ActiveCfg = Debug|Any CPU
		{31CF6AF0-7823-4E15-8974-65DBDCC8D14B}.Debug|Any CPU.Build.0 = Debug|Any CPU
		{31CF6AF0-7823-4E15-8974-65DBDCC8D14B}.Release|Any CPU.ActiveCfg = Release|Any CPU
		{31CF6AF0-7823-4E15-8974-65DBDCC8D14B}.Release|Any CPU.Build.0 = Release|Any CPU
		{D902EEC9-22C7-4BD8-9077-25C07FB14CE4}.Debug|Any CPU.ActiveCfg = Debug|Any CPU
		{D902EEC9-22C7-4BD8-9077-25C07FB14CE4}.Debug|Any CPU.Build.0 = Debug|Any CPU
		{D902EEC9-22C7-4BD8-9077-25C07FB14CE4}.Release|Any CPU.ActiveCfg = Release|Any CPU
		{D902EEC9-22C7-4BD8-9077-25C07FB14CE4}.Release|Any CPU.Build.0 = Release|Any CPU
		{B148E206-3243-4782-93D0-314E07A6E294}.Debug|Any CPU.ActiveCfg = Debug|Any CPU
		{B148E206-3243-4782-93D0-314E07A6E294}.Debug|Any CPU.Build.0 = Debug|Any CPU
		{B148E206-3243-4782-93D0-314E07A6E294}.Release|Any CPU.ActiveCfg = Release|Any CPU
		{B148E206-3243-4782-93D0-314E07A6E294}.Release|Any CPU.Build.0 = Release|Any CPU
		{E6D9ACD4-1130-401F-BD72-E1E281BC94A5}.Debug|Any CPU.ActiveCfg = Debug|Any CPU
		{E6D9ACD4-1130-401F-BD72-E1E281BC94A5}.Debug|Any CPU.Build.0 = Debug|Any CPU
		{E6D9ACD4-1130-401F-BD72-E1E281BC94A5}.Release|Any CPU.ActiveCfg = Release|Any CPU
		{E6D9ACD4-1130-401F-BD72-E1E281BC94A5}.Release|Any CPU.Build.0 = Release|Any CPU
		{A6532305-A63F-4716-B5A8-FD5148762670}.Debug|Any CPU.ActiveCfg = Debug|Any CPU
		{A6532305-A63F-4716-B5A8-FD5148762670}.Debug|Any CPU.Build.0 = Debug|Any CPU
		{A6532305-A63F-4716-B5A8-FD5148762670}.Release|Any CPU.ActiveCfg = Release|Any CPU
		{A6532305-A63F-4716-B5A8-FD5148762670}.Release|Any CPU.Build.0 = Release|Any CPU
		{72A0078A-6E93-4994-B88A-B51BE136A07F}.Debug|Any CPU.ActiveCfg = Debug|Any CPU
		{72A0078A-6E93-4994-B88A-B51BE136A07F}.Debug|Any CPU.Build.0 = Debug|Any CPU
		{72A0078A-6E93-4994-B88A-B51BE136A07F}.Release|Any CPU.ActiveCfg = Release|Any CPU
		{72A0078A-6E93-4994-B88A-B51BE136A07F}.Release|Any CPU.Build.0 = Release|Any CPU
		{4A4325C1-3A8E-47AF-8208-EE87D364E609}.Debug|Any CPU.ActiveCfg = Debug|Any CPU
		{4A4325C1-3A8E-47AF-8208-EE87D364E609}.Debug|Any CPU.Build.0 = Debug|Any CPU
		{4A4325C1-3A8E-47AF-8208-EE87D364E609}.Release|Any CPU.ActiveCfg = Release|Any CPU
		{4A4325C1-3A8E-47AF-8208-EE87D364E609}.Release|Any CPU.Build.0 = Release|Any CPU
		{297504EB-EBBD-412F-8E4F-74E5BEF34B5B}.Debug|Any CPU.ActiveCfg = Debug|Any CPU
		{297504EB-EBBD-412F-8E4F-74E5BEF34B5B}.Debug|Any CPU.Build.0 = Debug|Any CPU
		{297504EB-EBBD-412F-8E4F-74E5BEF34B5B}.Release|Any CPU.ActiveCfg = Release|Any CPU
		{297504EB-EBBD-412F-8E4F-74E5BEF34B5B}.Release|Any CPU.Build.0 = Release|Any CPU
	EndGlobalSection
	GlobalSection(SolutionProperties) = preSolution
		HideSolutionNode = FALSE
	EndGlobalSection
	GlobalSection(NestedProjects) = preSolution
		{A6532305-A63F-4716-B5A8-FD5148762670} = {CBFE5132-B457-4F56-BAEB-9FD8B3AFFC86}
		{72A0078A-6E93-4994-B88A-B51BE136A07F} = {CBFE5132-B457-4F56-BAEB-9FD8B3AFFC86}
		{4A4325C1-3A8E-47AF-8208-EE87D364E609} = {CBFE5132-B457-4F56-BAEB-9FD8B3AFFC86}
		{297504EB-EBBD-412F-8E4F-74E5BEF34B5B} = {CBFE5132-B457-4F56-BAEB-9FD8B3AFFC86}
	EndGlobalSection
	GlobalSection(ExtensibilityGlobals) = postSolution
		SolutionGuid = {C971D3B8-2B24-479C-AC76-88F515923554}
	EndGlobalSection
EndGlobal
