
Microsoft Visual Studio Solution File, Format Version 12.00
# Visual Studio 15
VisualStudioVersion = 15.0.28307.960
MinimumVisualStudioVersion = 10.0.40219.1
Project("{9A19103F-16F7-4668-BE54-9A1E7A4F7556}") = "Dfe.Spi.RatesAdapter.FunctionApp", "Dfe.Spi.RatesAdapter.FunctionApp\Dfe.Spi.RatesAdapter.FunctionApp.csproj", "{31CF6AF0-7823-4E15-8974-65DBDCC8D14B}"
EndProject
Project("{FAE04EC0-301F-11D3-BF4B-00C04F79EFBC}") = "Dfe.Spi.RatesAdapter.Application", "Dfe.Spi.RatesAdapter.Application\Dfe.Spi.RatesAdapter.Application.csproj", "{D902EEC9-22C7-4BD8-9077-25C07FB14CE4}"
EndProject
Project("{FAE04EC0-301F-11D3-BF4B-00C04F79EFBC}") = "Dfe.Spi.RatesAdapter.Domain", "Dfe.Spi.RatesAdapter.Domain\Dfe.Spi.RatesAdapter.Domain.csproj", "{B148E206-3243-4782-93D0-314E07A6E294}"
EndProject
Global
	GlobalSection(SolutionConfigurationPlatforms) = preSolution
		Debug|Any CPU = Debug|Any CPU
		Release|Any CPU = Release|Any CPU
	EndGlobalSection
	GlobalSection(ProjectConfigurationPlatforms) = postSolution
		{31CF6AF0-7823-4E15-8974-65DBDCC8D14B}.Debug|Any CPU.ActiveCfg = Debug|Any CPU
		{31CF6AF0-7823-4E15-8974-65DBDCC8D14B}.Debug|Any CPU.Build.0 = Debug|Any CPU
		{31CF6AF0-7823-4E15-8974-65DBDCC8D14B}.Release|Any CPU.ActiveCfg = Release|Any CPU
		{31CF6AF0-7823-4E15-8974-65DBDCC8D14B}.Release|Any CPU.Build.0 = Release|Any CPU
		{D902EEC9-22C7-4BD8-9077-25C07FB14CE4}.Debug|Any CPU.ActiveCfg = Debug|Any CPU
		{D902EEC9-22C7-4BD8-9077-25C07FB14CE4}.Debug|Any CPU.Build.0 = Debug|Any CPU
		{D902EEC9-22C7-4BD8-9077-25C07FB14CE4}.Release|Any CPU.ActiveCfg = Release|Any CPU
		{D902EEC9-22C7-4BD8-9077-25C07FB14CE4}.Release|Any CPU.Build.0 = Release|Any CPU
		{B148E206-3243-4782-93D0-314E07A6E294}.Debug|Any CPU.ActiveCfg = Debug|Any CPU
		{B148E206-3243-4782-93D0-314E07A6E294}.Debug|Any CPU.Build.0 = Debug|Any CPU
		{B148E206-3243-4782-93D0-314E07A6E294}.Release|Any CPU.ActiveCfg = Release|Any CPU
		{B148E206-3243-4782-93D0-314E07A6E294}.Release|Any CPU.Build.0 = Release|Any CPU
	EndGlobalSection
	GlobalSection(SolutionProperties) = preSolution
		HideSolutionNode = FALSE
	EndGlobalSection
	GlobalSection(ExtensibilityGlobals) = postSolution
		SolutionGuid = {C971D3B8-2B24-479C-AC76-88F515923554}
	EndGlobalSection
EndGlobal
